
Microsoft Visual Studio Solution File, Format Version 12.00
# Visual Studio Version 17
VisualStudioVersion = 17.4.33213.308
MinimumVisualStudioVersion = 10.0.40219.1
Project("{FAE04EC0-301F-11D3-BF4B-00C04F79EFBC}") = "SteamDeckCreamApiInstaller", "SteamDeckCreamApiInstaller.csproj", "{A247C83A-1921-4D48-A983-332C2F2F70E8}"
EndProject
Global
	GlobalSection(SolutionConfigurationPlatforms) = preSolution
		Debug|Any CPU = Debug|Any CPU
		Release|Any CPU = Release|Any CPU
	EndGlobalSection
	GlobalSection(ProjectConfigurationPlatforms) = postSolution
		{A247C83A-1921-4D48-A983-332C2F2F70E8}.Debug|Any CPU.ActiveCfg = Debug|Any CPU
		{A247C83A-1921-4D48-A983-332C2F2F70E8}.Debug|Any CPU.Build.0 = Debug|Any CPU
		{A247C83A-1921-4D48-A983-332C2F2F70E8}.Release|Any CPU.ActiveCfg = Release|Any CPU
		{A247C83A-1921-4D48-A983-332C2F2F70E8}.Release|Any CPU.Build.0 = Release|Any CPU
	EndGlobalSection
	GlobalSection(SolutionProperties) = preSolution
		HideSolutionNode = FALSE
	EndGlobalSection
	GlobalSection(ExtensibilityGlobals) = postSolution
		SolutionGuid = {AAAD277A-BA27-4A5F-B3CE-26C59A6707DF}
	EndGlobalSection
EndGlobal
